<Solution>
  <Project Path="DevopsIntelli.Application/DevopsIntelli.Application.csproj" />
  <Project Path="DevopsIntelli.Domain/DevopsIntelli.Domain.csproj" />
  <Project Path="DevopsIntelli.Infrastructure/DevopsIntelli.Infrastructure.csproj" />
  <Project Path="DevopsIntelli/DevopsIntelli.API.csproj" />
</Solution>
